Microsoft Visual Studio Solution File, Format Version 12.00
# Visual Studio Version 17
VisualStudioVersion = 17.5.2.0
MinimumVisualStudioVersion = 10.0.40219.1
Project("{FAE04EC0-301F-11D3-BF4B-00C04F79EFBC}") = "ReaderRadarAPI", "ReaderRadarAPI.csproj", "{21B46BC0-39C4-5088-E48F-24EDA7E28331}"
EndProject
Global
	GlobalSection(SolutionConfigurationPlatforms) = preSolution
		Debug|Any CPU = Debug|Any CPU
		Release|Any CPU = Release|Any CPU
	EndGlobalSection
	GlobalSection(ProjectConfigurationPlatforms) = postSolution
		{21B46BC0-39C4-5088-E48F-24EDA7E28331}.Debug|Any CPU.ActiveCfg = Debug|Any CPU
		{21B46BC0-39C4-5088-E48F-24EDA7E28331}.Debug|Any CPU.Build.0 = Debug|Any CPU
		{21B46BC0-39C4-5088-E48F-24EDA7E28331}.Release|Any CPU.ActiveCfg = Release|Any CPU
		{21B46BC0-39C4-5088-E48F-24EDA7E28331}.Release|Any CPU.Build.0 = Release|Any CPU
	EndGlobalSection
	GlobalSection(SolutionProperties) = preSolution
		HideSolutionNode = FALSE
	EndGlobalSection
	GlobalSection(ExtensibilityGlobals) = postSolution
		SolutionGuid = {600C7460-6785-41F1-AF42-25C6122FD735}
	EndGlobalSection
EndGlobal
